
Microsoft Visual Studio Solution File, Format Version 12.00
# Visual Studio Version 17
VisualStudioVersion = 17.12.35527.113
MinimumVisualStudioVersion = 10.0.40219.1
Project("{2150E333-8FDC-42A3-9474-1A3956D46DE8}") = ".paket", ".paket", "{487BF6EF-3C07-47FC-8CEE-46866691A4C3}"
	ProjectSection(SolutionItems) = preProject
		paket.dependencies = paket.dependencies
	EndProjectSection
EndProject
Project("{F2A71F9B-5D33-465A-A702-920D77279786}") = "WebSharper.WebSerial", "WebSharper.WebSerial\WebSharper.WebSerial.fsproj", "{F6C1B256-A533-4E26-A9A9-9D0765C81CB1}"
EndProject
Project("{F2A71F9B-5D33-465A-A702-920D77279786}") = "WebSharper.WebSerial.Sample", "WebSharper.WebSerial.Sample\WebSharper.WebSerial.Sample.fsproj", "{57482156-2F0B-43A4-B8A0-731119CA1492}"
EndProject
Project("{F2A71F9B-5D33-465A-A702-920D77279786}") = "WebSharper.WebSerial.Extensions", "WebSharper.WebSerial.Extensions\WebSharper.WebSerial.Extensions.fsproj", "{04F1B251-B0CE-443F-8A38-E3F8603B83DA}"
EndProject
Global
	GlobalSection(SolutionConfigurationPlatforms) = preSolution
		Debug|Any CPU = Debug|Any CPU
		Release|Any CPU = Release|Any CPU
	EndGlobalSection
	GlobalSection(ProjectConfigurationPlatforms) = postSolution
		{F6C1B256-A533-4E26-A9A9-9D0765C81CB1}.Debug|Any CPU.ActiveCfg = Debug|Any CPU
		{F6C1B256-A533-4E26-A9A9-9D0765C81CB1}.Debug|Any CPU.Build.0 = Debug|Any CPU
		{F6C1B256-A533-4E26-A9A9-9D0765C81CB1}.Release|Any CPU.ActiveCfg = Release|Any CPU
		{F6C1B256-A533-4E26-A9A9-9D0765C81CB1}.Release|Any CPU.Build.0 = Release|Any CPU
		{57482156-2F0B-43A4-B8A0-731119CA1492}.Debug|Any CPU.ActiveCfg = Debug|Any CPU
		{57482156-2F0B-43A4-B8A0-731119CA1492}.Debug|Any CPU.Build.0 = Debug|Any CPU
		{57482156-2F0B-43A4-B8A0-731119CA1492}.Release|Any CPU.ActiveCfg = Release|Any CPU
		{57482156-2F0B-43A4-B8A0-731119CA1492}.Release|Any CPU.Build.0 = Release|Any CPU
		{04F1B251-B0CE-443F-8A38-E3F8603B83DA}.Debug|Any CPU.ActiveCfg = Debug|Any CPU
		{04F1B251-B0CE-443F-8A38-E3F8603B83DA}.Debug|Any CPU.Build.0 = Debug|Any CPU
		{04F1B251-B0CE-443F-8A38-E3F8603B83DA}.Release|Any CPU.ActiveCfg = Release|Any CPU
		{04F1B251-B0CE-443F-8A38-E3F8603B83DA}.Release|Any CPU.Build.0 = Release|Any CPU
	EndGlobalSection
	GlobalSection(SolutionProperties) = preSolution
		HideSolutionNode = FALSE
	EndGlobalSection
EndGlobal
